{
  "name": "dLogicAI",
  "lockfileVersion": 3,
  "requires": true,
  "packages": {
    "": {
      "name": "dLogicAI",
      "dependencies": {
        "hono": "^4.13.3",
        "zod": "^4.4.3"
      }
    },
    "node_modules/hono": {
      "version": "4.13.3",
      "resolved": "https://registry.npmjs.org/hono/-/hono-4.13.3.tgz",
      "integrity": "sha512-r8AO2mYHoLxSHkgafNeC/BXyb2vWRxD3jem4Ts+ptav8oTG5FIRifAjuJEmZI4bSvvc2ns0GxmIYiZnHqN3mMw==",
      "license": "MIT",
      "engines": {
        "node": ">=16.9.0"
      }
    },
    "node_modules/zod": {
      "version": "4.4.3",
      "resolved": "https://registry.npmjs.org/zod/-/zod-4.4.3.tgz",
      "integrity": "sha512-ytENFjIJFl2UwYglde2jchW2Hwm4GJFLDiSXWdTrJQBIN9Fcyp7n4DhxJEiWNAJMV1/BqWfW/kkg71UDcHJyTQ==",
      "license": "MIT",
      "funding": {
        "url": "https://github.com/sponsors/colinhacks"
      }
    }
  }
}
